
Microsoft Visual Studio Solution File, Format Version 12.00
# Visual Studio Version 17
VisualStudioVersion = 17.0.32014.148
MinimumVisualStudioVersion = 15.0.26124.0
Project("{2150E333-8FDC-42A3-9474-1A3956D46DE8}") = "_Solution Items", "_Solution Items", "{B6FFC423-B940-4131-A9A3-2E913BD20610}"
	ProjectSection(SolutionItems) = preProject
		.editorconfig = .editorconfig
		azure-pipelines.yml = azure-pipelines.yml
		bs.xml = bs.xml
		bs.xsd = bs.xsd
		BuildNumber.ps1 = BuildNumber.ps1
		nugetImage.png = nugetImage.png
	EndProjectSection
EndProject
Project("{2150E333-8FDC-42A3-9474-1A3956D46DE8}") = "Apps", "Apps", "{1535C62E-DA5F-4B39-981D-777F71F47A9E}"
EndProject
Project("{9A19103F-16F7-4668-BE54-9A1E7A4F7556}") = "BaseApp", "BaseApp\BaseApp.csproj", "{02FC1821-7657-43D0-A795-9140C7FABFF9}"
EndProject
Project("{9A19103F-16F7-4668-BE54-9A1E7A4F7556}") = "BaseApp.View.Xamarin", "BaseApp.View.Xamarin\BaseApp.View.Xamarin.csproj", "{38F87E1F-008A-40BC-80B1-0F9E6DEB7B09}"
EndProject
Project("{9A19103F-16F7-4668-BE54-9A1E7A4F7556}") = "Exchange", "Exchange\Exchange.csproj", "{5164598E-CCCA-4579-B48B-984C9267FEFF}"
EndProject
Project("{2150E333-8FDC-42A3-9474-1A3956D46DE8}") = "Apps", "Apps", "{5EAB1EF4-0C78-4268-BA6B-43FB11808E2D}"
EndProject
Project("{FAE04EC0-301F-11D3-BF4B-00C04F79EFBC}") = "IOsApp", "IOsApp\IOsApp.csproj", "{76EB105A-FF77-47FF-A42E-569EFB425B33}"
EndProject
Project("{FAE04EC0-301F-11D3-BF4B-00C04F79EFBC}") = "AndroidApp", "AndroidApp\AndroidApp.csproj", "{550DF24A-6657-4287-9CF2-B786DD205442}"
EndProject
Project("{9A19103F-16F7-4668-BE54-9A1E7A4F7556}") = "WpfApp", "WpfApp\WpfApp.csproj", "{DF800922-B2EF-4576-B029-B5CC06A26F3B}"
EndProject
Project("{2150E333-8FDC-42A3-9474-1A3956D46DE8}") = "Xamarin", "Xamarin", "{FF041BC6-E770-4094-A457-46405DF82E10}"
EndProject
Project("{2150E333-8FDC-42A3-9474-1A3956D46DE8}") = "Common", "Common", "{DED170DA-F9CB-4398-8E8C-4A29DADA3FCD}"
EndProject
Project("{2150E333-8FDC-42A3-9474-1A3956D46DE8}") = "Cloud", "Cloud", "{0B44A7E6-520C-4827-93DF-139527B17EE2}"
EndProject
Project("{9A19103F-16F7-4668-BE54-9A1E7A4F7556}") = "Database", "Database\Database.csproj", "{8302926E-117F-486A-951E-63FF5633815D}"
EndProject
Project("{9A19103F-16F7-4668-BE54-9A1E7A4F7556}") = "WebExchange", "WebExchange\WebExchange.csproj", "{D711269B-D3E8-4CD7-B443-D4409D2B8750}"
EndProject
Project("{9A19103F-16F7-4668-BE54-9A1E7A4F7556}") = "ConnectivityHost", "ConnectivityHost\ConnectivityHost.csproj", "{477F7224-2E61-4B02-8247-49DFE9D92B69}"
EndProject
Global
	GlobalSection(SolutionConfigurationPlatforms) = preSolution
		Ad-Hoc|Any CPU = Ad-Hoc|Any CPU
		Ad-Hoc|ARM = Ad-Hoc|ARM
		Ad-Hoc|ARM64 = Ad-Hoc|ARM64
		Ad-Hoc|iPhone = Ad-Hoc|iPhone
		Ad-Hoc|iPhoneSimulator = Ad-Hoc|iPhoneSimulator
		Ad-Hoc|x64 = Ad-Hoc|x64
		Ad-Hoc|x86 = Ad-Hoc|x86
		AppStore|Any CPU = AppStore|Any CPU
		AppStore|ARM = AppStore|ARM
		AppStore|ARM64 = AppStore|ARM64
		AppStore|iPhone = AppStore|iPhone
		AppStore|iPhoneSimulator = AppStore|iPhoneSimulator
		AppStore|x64 = AppStore|x64
		AppStore|x86 = AppStore|x86
		Debug|Any CPU = Debug|Any CPU
		Debug|ARM = Debug|ARM
		Debug|ARM64 = Debug|ARM64
		Debug|iPhone = Debug|iPhone
		Debug|iPhoneSimulator = Debug|iPhoneSimulator
		Debug|x64 = Debug|x64
		Debug|x86 = Debug|x86
		Release|Any CPU = Release|Any CPU
		Release|ARM = Release|ARM
		Release|ARM64 = Release|ARM64
		Release|iPhone = Release|iPhone
		Release|iPhoneSimulator = Release|iPhoneSimulator
		Release|x64 = Release|x64
		Release|x86 = Release|x86
	EndGlobalSection
	GlobalSection(ProjectConfigurationPlatforms) = postSolution
		{02FC1821-7657-43D0-A795-9140C7FABFF9}.Ad-Hoc|Any CPU.ActiveCfg = Debug|Any CPU
		{02FC1821-7657-43D0-A795-9140C7FABFF9}.Ad-Hoc|Any CPU.Build.0 = Debug|Any CPU
		{02FC1821-7657-43D0-A795-9140C7FABFF9}.Ad-Hoc|ARM.ActiveCfg = Release|Any CPU
		{02FC1821-7657-43D0-A795-9140C7FABFF9}.Ad-Hoc|ARM.Build.0 = Release|Any CPU
		{02FC1821-7657-43D0-A795-9140C7FABFF9}.Ad-Hoc|ARM64.ActiveCfg = Release|Any CPU
		{02FC1821-7657-43D0-A795-9140C7FABFF9}.Ad-Hoc|ARM64.Build.0 = Release|Any CPU
		{02FC1821-7657-43D0-A795-9140C7FABFF9}.Ad-Hoc|iPhone.ActiveCfg = Debug|Any CPU
		{02FC1821-7657-43D0-A795-9140C7FABFF9}.Ad-Hoc|iPhone.Build.0 = Debug|Any CPU
		{02FC1821-7657-43D0-A795-9140C7FABFF9}.Ad-Hoc|iPhoneSimulator.ActiveCfg = Debug|Any CPU
		{02FC1821-7657-43D0-A795-9140C7FABFF9}.Ad-Hoc|iPhoneSimulator.Build.0 = Debug|Any CPU
		{02FC1821-7657-43D0-A795-9140C7FABFF9}.Ad-Hoc|x64.ActiveCfg = Debug|Any CPU
		{02FC1821-7657-43D0-A795-9140C7FABFF9}.Ad-Hoc|x64.Build.0 = Debug|Any CPU
		{02FC1821-7657-43D0-A795-9140C7FABFF9}.Ad-Hoc|x86.ActiveCfg = Debug|Any CPU
		{02FC1821-7657-43D0-A795-9140C7FABFF9}.Ad-Hoc|x86.Build.0 = Debug|Any CPU
		{02FC1821-7657-43D0-A795-9140C7FABFF9}.AppStore|Any CPU.ActiveCfg = Debug|Any CPU
		{02FC1821-7657-43D0-A795-9140C7FABFF9}.AppStore|Any CPU.Build.0 = Debug|Any CPU
		{02FC1821-7657-43D0-A795-9140C7FABFF9}.AppStore|ARM.ActiveCfg = Release|Any CPU
		{02FC1821-7657-43D0-A795-9140C7FABFF9}.AppStore|ARM.Build.0 = Release|Any CPU
		{02FC1821-7657-43D0-A795-9140C7FABFF9}.AppStore|ARM64.ActiveCfg = Release|Any CPU
		{02FC1821-7657-43D0-A795-9140C7FABFF9}.AppStore|ARM64.Build.0 = Release|Any CPU
		{02FC1821-7657-43D0-A795-9140C7FABFF9}.AppStore|iPhone.ActiveCfg = Debug|Any CPU
		{02FC1821-7657-43D0-A795-9140C7FABFF9}.AppStore|iPhone.Build.0 = Debug|Any CPU
		{02FC1821-7657-43D0-A795-9140C7FABFF9}.AppStore|iPhoneSimulator.ActiveCfg = Debug|Any CPU
		{02FC1821-7657-43D0-A795-9140C7FABFF9}.AppStore|iPhoneSimulator.Build.0 = Debug|Any CPU
		{02FC1821-7657-43D0-A795-9140C7FABFF9}.AppStore|x64.ActiveCfg = Debug|Any CPU
		{02FC1821-7657-43D0-A795-9140C7FABFF9}.AppStore|x64.Build.0 = Debug|Any CPU
		{02FC1821-7657-43D0-A795-9140C7FABFF9}.AppStore|x86.ActiveCfg = Debug|Any CPU
		{02FC1821-7657-43D0-A795-9140C7FABFF9}.AppStore|x86.Build.0 = Debug|Any CPU
		{02FC1821-7657-43D0-A795-9140C7FABFF9}.Debug|Any CPU.ActiveCfg = Debug|Any CPU
		{02FC1821-7657-43D0-A795-9140C7FABFF9}.Debug|Any CPU.Build.0 = Debug|Any CPU
		{02FC1821-7657-43D0-A795-9140C7FABFF9}.Debug|ARM.ActiveCfg = Debug|Any CPU
		{02FC1821-7657-43D0-A795-9140C7FABFF9}.Debug|ARM.Build.0 = Debug|Any CPU
		{02FC1821-7657-43D0-A795-9140C7FABFF9}.Debug|ARM64.ActiveCfg = Debug|Any CPU
		{02FC1821-7657-43D0-A795-9140C7FABFF9}.Debug|ARM64.Build.0 = Debug|Any CPU
		{02FC1821-7657-43D0-A795-9140C7FABFF9}.Debug|iPhone.ActiveCfg = Debug|Any CPU
		{02FC1821-7657-43D0-A795-9140C7FABFF9}.Debug|iPhone.Build.0 = Debug|Any CPU
		{02FC1821-7657-43D0-A795-9140C7FABFF9}.Debug|iPhoneSimulator.ActiveCfg = Debug|Any CPU
		{02FC1821-7657-43D0-A795-9140C7FABFF9}.Debug|iPhoneSimulator.Build.0 = Debug|Any CPU
		{02FC1821-7657-43D0-A795-9140C7FABFF9}.Debug|x64.ActiveCfg = Debug|Any CPU
		{02FC1821-7657-43D0-A795-9140C7FABFF9}.Debug|x64.Build.0 = Debug|Any CPU
		{02FC1821-7657-43D0-A795-9140C7FABFF9}.Debug|x86.ActiveCfg = Debug|Any CPU
		{02FC1821-7657-43D0-A795-9140C7FABFF9}.Debug|x86.Build.0 = Debug|Any CPU
		{02FC1821-7657-43D0-A795-9140C7FABFF9}.Release|Any CPU.ActiveCfg = Release|Any CPU
		{02FC1821-7657-43D0-A795-9140C7FABFF9}.Release|Any CPU.Build.0 = Release|Any CPU
		{02FC1821-7657-43D0-A795-9140C7FABFF9}.Release|ARM.ActiveCfg = Release|Any CPU
		{02FC1821-7657-43D0-A795-9140C7FABFF9}.Release|ARM.Build.0 = Release|Any CPU
		{02FC1821-7657-43D0-A795-9140C7FABFF9}.Release|ARM64.ActiveCfg = Release|Any CPU
		{02FC1821-7657-43D0-A795-9140C7FABFF9}.Release|ARM64.Build.0 = Release|Any CPU
		{02FC1821-7657-43D0-A795-9140C7FABFF9}.Release|iPhone.ActiveCfg = Release|Any CPU
		{02FC1821-7657-43D0-A795-9140C7FABFF9}.Release|iPhone.Build.0 = Release|Any CPU
		{02FC1821-7657-43D0-A795-9140C7FABFF9}.Release|iPhoneSimulator.ActiveCfg = Release|Any CPU
		{02FC1821-7657-43D0-A795-9140C7FABFF9}.Release|iPhoneSimulator.Build.0 = Release|Any CPU
		{02FC1821-7657-43D0-A795-9140C7FABFF9}.Release|x64.ActiveCfg = Release|Any CPU
		{02FC1821-7657-43D0-A795-9140C7FABFF9}.Release|x64.Build.0 = Release|Any CPU
		{02FC1821-7657-43D0-A795-9140C7FABFF9}.Release|x86.ActiveCfg = Release|Any CPU
		{02FC1821-7657-43D0-A795-9140C7FABFF9}.Release|x86.Build.0 = Release|Any CPU
		{38F87E1F-008A-40BC-80B1-0F9E6DEB7B09}.Ad-Hoc|Any CPU.ActiveCfg = Debug|Any CPU
		{38F87E1F-008A-40BC-80B1-0F9E6DEB7B09}.Ad-Hoc|Any CPU.Build.0 = Debug|Any CPU
		{38F87E1F-008A-40BC-80B1-0F9E6DEB7B09}.Ad-Hoc|ARM.ActiveCfg = Release|Any CPU
		{38F87E1F-008A-40BC-80B1-0F9E6DEB7B09}.Ad-Hoc|ARM.Build.0 = Release|Any CPU
		{38F87E1F-008A-40BC-80B1-0F9E6DEB7B09}.Ad-Hoc|ARM64.ActiveCfg = Release|Any CPU
		{38F87E1F-008A-40BC-80B1-0F9E6DEB7B09}.Ad-Hoc|ARM64.Build.0 = Release|Any CPU
		{38F87E1F-008A-40BC-80B1-0F9E6DEB7B09}.Ad-Hoc|iPhone.ActiveCfg = Debug|Any CPU
		{38F87E1F-008A-40BC-80B1-0F9E6DEB7B09}.Ad-Hoc|iPhone.Build.0 = Debug|Any CPU
		{38F87E1F-008A-40BC-80B1-0F9E6DEB7B09}.Ad-Hoc|iPhoneSimulator.ActiveCfg = Debug|Any CPU
		{38F87E1F-008A-40BC-80B1-0F9E6DEB7B09}.Ad-Hoc|iPhoneSimulator.Build.0 = Debug|Any CPU
		{38F87E1F-008A-40BC-80B1-0F9E6DEB7B09}.Ad-Hoc|x64.ActiveCfg = Debug|Any CPU
		{38F87E1F-008A-40BC-80B1-0F9E6DEB7B09}.Ad-Hoc|x64.Build.0 = Debug|Any CPU
		{38F87E1F-008A-40BC-80B1-0F9E6DEB7B09}.Ad-Hoc|x86.ActiveCfg = Debug|Any CPU
		{38F87E1F-008A-40BC-80B1-0F9E6DEB7B09}.Ad-Hoc|x86.Build.0 = Debug|Any CPU
		{38F87E1F-008A-40BC-80B1-0F9E6DEB7B09}.AppStore|Any CPU.ActiveCfg = Debug|Any CPU
		{38F87E1F-008A-40BC-80B1-0F9E6DEB7B09}.AppStore|Any CPU.Build.0 = Debug|Any CPU
		{38F87E1F-008A-40BC-80B1-0F9E6DEB7B09}.AppStore|ARM.ActiveCfg = Release|Any CPU
		{38F87E1F-008A-40BC-80B1-0F9E6DEB7B09}.AppStore|ARM.Build.0 = Release|Any CPU
		{38F87E1F-008A-40BC-80B1-0F9E6DEB7B09}.AppStore|ARM64.ActiveCfg = Release|Any CPU
		{38F87E1F-008A-40BC-80B1-0F9E6DEB7B09}.AppStore|ARM64.Build.0 = Release|Any CPU
		{38F87E1F-008A-40BC-80B1-0F9E6DEB7B09}.AppStore|iPhone.ActiveCfg = Debug|Any CPU
		{38F87E1F-008A-40BC-80B1-0F9E6DEB7B09}.AppStore|iPhone.Build.0 = Debug|Any CPU
		{38F87E1F-008A-40BC-80B1-0F9E6DEB7B09}.AppStore|iPhoneSimulator.ActiveCfg = Debug|Any CPU
		{38F87E1F-008A-40BC-80B1-0F9E6DEB7B09}.AppStore|iPhoneSimulator.Build.0 = Debug|Any CPU
		{38F87E1F-008A-40BC-80B1-0F9E6DEB7B09}.AppStore|x64.ActiveCfg = Debug|Any CPU
		{38F87E1F-008A-40BC-80B1-0F9E6DEB7B09}.AppStore|x64.Build.0 = Debug|Any CPU
		{38F87E1F-008A-40BC-80B1-0F9E6DEB7B09}.AppStore|x86.ActiveCfg = Debug|Any CPU
		{38F87E1F-008A-40BC-80B1-0F9E6DEB7B09}.AppStore|x86.Build.0 = Debug|Any CPU
		{38F87E1F-008A-40BC-80B1-0F9E6DEB7B09}.Debug|Any CPU.ActiveCfg = Debug|Any CPU
		{38F87E1F-008A-40BC-80B1-0F9E6DEB7B09}.Debug|Any CPU.Build.0 = Debug|Any CPU
		{38F87E1F-008A-40BC-80B1-0F9E6DEB7B09}.Debug|ARM.ActiveCfg = Debug|Any CPU
		{38F87E1F-008A-40BC-80B1-0F9E6DEB7B09}.Debug|ARM.Build.0 = Debug|Any CPU
		{38F87E1F-008A-40BC-80B1-0F9E6DEB7B09}.Debug|ARM64.ActiveCfg = Debug|Any CPU
		{38F87E1F-008A-40BC-80B1-0F9E6DEB7B09}.Debug|ARM64.Build.0 = Debug|Any CPU
		{38F87E1F-008A-40BC-80B1-0F9E6DEB7B09}.Debug|iPhone.ActiveCfg = Debug|Any CPU
		{38F87E1F-008A-40BC-80B1-0F9E6DEB7B09}.Debug|iPhone.Build.0 = Debug|Any CPU
		{38F87E1F-008A-40BC-80B1-0F9E6DEB7B09}.Debug|iPhoneSimulator.ActiveCfg = Debug|Any CPU
		{38F87E1F-008A-40BC-80B1-0F9E6DEB7B09}.Debug|iPhoneSimulator.Build.0 = Debug|Any CPU
		{38F87E1F-008A-40BC-80B1-0F9E6DEB7B09}.Debug|x64.ActiveCfg = Debug|Any CPU
		{38F87E1F-008A-40BC-80B1-0F9E6DEB7B09}.Debug|x64.Build.0 = Debug|Any CPU
		{38F87E1F-008A-40BC-80B1-0F9E6DEB7B09}.Debug|x86.ActiveCfg = Debug|Any CPU
		{38F87E1F-008A-40BC-80B1-0F9E6DEB7B09}.Debug|x86.Build.0 = Debug|Any CPU
		{38F87E1F-008A-40BC-80B1-0F9E6DEB7B09}.Release|Any CPU.ActiveCfg = Release|Any CPU
		{38F87E1F-008A-40BC-80B1-0F9E6DEB7B09}.Release|Any CPU.Build.0 = Release|Any CPU
		{38F87E1F-008A-40BC-80B1-0F9E6DEB7B09}.Release|ARM.ActiveCfg = Release|Any CPU
		{38F87E1F-008A-40BC-80B1-0F9E6DEB7B09}.Release|ARM.Build.0 = Release|Any CPU
		{38F87E1F-008A-40BC-80B1-0F9E6DEB7B09}.Release|ARM64.ActiveCfg = Release|Any CPU
		{38F87E1F-008A-40BC-80B1-0F9E6DEB7B09}.Release|ARM64.Build.0 = Release|Any CPU
		{38F87E1F-008A-40BC-80B1-0F9E6DEB7B09}.Release|iPhone.ActiveCfg = Release|Any CPU
		{38F87E1F-008A-40BC-80B1-0F9E6DEB7B09}.Release|iPhone.Build.0 = Release|Any CPU
		{38F87E1F-008A-40BC-80B1-0F9E6DEB7B09}.Release|iPhoneSimulator.ActiveCfg = Release|Any CPU
		{38F87E1F-008A-40BC-80B1-0F9E6DEB7B09}.Release|iPhoneSimulator.Build.0 = Release|Any CPU
		{38F87E1F-008A-40BC-80B1-0F9E6DEB7B09}.Release|x64.ActiveCfg = Release|Any CPU
		{38F87E1F-008A-40BC-80B1-0F9E6DEB7B09}.Release|x64.Build.0 = Release|Any CPU
		{38F87E1F-008A-40BC-80B1-0F9E6DEB7B09}.Release|x86.ActiveCfg = Release|Any CPU
		{38F87E1F-008A-40BC-80B1-0F9E6DEB7B09}.Release|x86.Build.0 = Release|Any CPU
		{5164598E-CCCA-4579-B48B-984C9267FEFF}.Ad-Hoc|Any CPU.ActiveCfg = Debug|Any CPU
		{5164598E-CCCA-4579-B48B-984C9267FEFF}.Ad-Hoc|Any CPU.Build.0 = Debug|Any CPU
		{5164598E-CCCA-4579-B48B-984C9267FEFF}.Ad-Hoc|ARM.ActiveCfg = Release|Any CPU
		{5164598E-CCCA-4579-B48B-984C9267FEFF}.Ad-Hoc|ARM.Build.0 = Release|Any CPU
		{5164598E-CCCA-4579-B48B-984C9267FEFF}.Ad-Hoc|ARM64.ActiveCfg = Release|Any CPU
		{5164598E-CCCA-4579-B48B-984C9267FEFF}.Ad-Hoc|ARM64.Build.0 = Release|Any CPU
		{5164598E-CCCA-4579-B48B-984C9267FEFF}.Ad-Hoc|iPhone.ActiveCfg = Debug|Any CPU
		{5164598E-CCCA-4579-B48B-984C9267FEFF}.Ad-Hoc|iPhone.Build.0 = Debug|Any CPU
		{5164598E-CCCA-4579-B48B-984C9267FEFF}.Ad-Hoc|iPhoneSimulator.ActiveCfg = Debug|Any CPU
		{5164598E-CCCA-4579-B48B-984C9267FEFF}.Ad-Hoc|iPhoneSimulator.Build.0 = Debug|Any CPU
		{5164598E-CCCA-4579-B48B-984C9267FEFF}.Ad-Hoc|x64.ActiveCfg = Debug|Any CPU
		{5164598E-CCCA-4579-B48B-984C9267FEFF}.Ad-Hoc|x64.Build.0 = Debug|Any CPU
		{5164598E-CCCA-4579-B48B-984C9267FEFF}.Ad-Hoc|x86.ActiveCfg = Debug|Any CPU
		{5164598E-CCCA-4579-B48B-984C9267FEFF}.Ad-Hoc|x86.Build.0 = Debug|Any CPU
		{5164598E-CCCA-4579-B48B-984C9267FEFF}.AppStore|Any CPU.ActiveCfg = Debug|Any CPU
		{5164598E-CCCA-4579-B48B-984C9267FEFF}.AppStore|Any CPU.Build.0 = Debug|Any CPU
		{5164598E-CCCA-4579-B48B-984C9267FEFF}.AppStore|ARM.ActiveCfg = Release|Any CPU
		{5164598E-CCCA-4579-B48B-984C9267FEFF}.AppStore|ARM.Build.0 = Release|Any CPU
		{5164598E-CCCA-4579-B48B-984C9267FEFF}.AppStore|ARM64.ActiveCfg = Release|Any CPU
		{5164598E-CCCA-4579-B48B-984C9267FEFF}.AppStore|ARM64.Build.0 = Release|Any CPU
		{5164598E-CCCA-4579-B48B-984C9267FEFF}.AppStore|iPhone.ActiveCfg = Debug|Any CPU
		{5164598E-CCCA-4579-B48B-984C9267FEFF}.AppStore|iPhone.Build.0 = Debug|Any CPU
		{5164598E-CCCA-4579-B48B-984C9267FEFF}.AppStore|iPhoneSimulator.ActiveCfg = Debug|Any CPU
		{5164598E-CCCA-4579-B48B-984C9267FEFF}.AppStore|iPhoneSimulator.Build.0 = Debug|Any CPU
		{5164598E-CCCA-4579-B48B-984C9267FEFF}.AppStore|x64.ActiveCfg = Debug|Any CPU
		{5164598E-CCCA-4579-B48B-984C9267FEFF}.AppStore|x64.Build.0 = Debug|Any CPU
		{5164598E-CCCA-4579-B48B-984C9267FEFF}.AppStore|x86.ActiveCfg = Debug|Any CPU
		{5164598E-CCCA-4579-B48B-984C9267FEFF}.AppStore|x86.Build.0 = Debug|Any CPU
		{5164598E-CCCA-4579-B48B-984C9267FEFF}.Debug|Any CPU.ActiveCfg = Debug|Any CPU
		{5164598E-CCCA-4579-B48B-984C9267FEFF}.Debug|Any CPU.Build.0 = Debug|Any CPU
		{5164598E-CCCA-4579-B48B-984C9267FEFF}.Debug|ARM.ActiveCfg = Debug|Any CPU
		{5164598E-CCCA-4579-B48B-984C9267FEFF}.Debug|ARM.Build.0 = Debug|Any CPU
		{5164598E-CCCA-4579-B48B-984C9267FEFF}.Debug|ARM64.ActiveCfg = Debug|Any CPU
		{5164598E-CCCA-4579-B48B-984C9267FEFF}.Debug|ARM64.Build.0 = Debug|Any CPU
		{5164598E-CCCA-4579-B48B-984C9267FEFF}.Debug|iPhone.ActiveCfg = Debug|Any CPU
		{5164598E-CCCA-4579-B48B-984C9267FEFF}.Debug|iPhone.Build.0 = Debug|Any CPU
		{5164598E-CCCA-4579-B48B-984C9267FEFF}.Debug|iPhoneSimulator.ActiveCfg = Debug|Any CPU
		{5164598E-CCCA-4579-B48B-984C9267FEFF}.Debug|iPhoneSimulator.Build.0 = Debug|Any CPU
		{5164598E-CCCA-4579-B48B-984C9267FEFF}.Debug|x64.ActiveCfg = Debug|Any CPU
		{5164598E-CCCA-4579-B48B-984C9267FEFF}.Debug|x64.Build.0 = Debug|Any CPU
		{5164598E-CCCA-4579-B48B-984C9267FEFF}.Debug|x86.ActiveCfg = Debug|Any CPU
		{5164598E-CCCA-4579-B48B-984C9267FEFF}.Debug|x86.Build.0 = Debug|Any CPU
		{5164598E-CCCA-4579-B48B-984C9267FEFF}.Release|Any CPU.ActiveCfg = Release|Any CPU
		{5164598E-CCCA-4579-B48B-984C9267FEFF}.Release|Any CPU.Build.0 = Release|Any CPU
		{5164598E-CCCA-4579-B48B-984C9267FEFF}.Release|ARM.ActiveCfg = Release|Any CPU
		{5164598E-CCCA-4579-B48B-984C9267FEFF}.Release|ARM.Build.0 = Release|Any CPU
		{5164598E-CCCA-4579-B48B-984C9267FEFF}.Release|ARM64.ActiveCfg = Release|Any CPU
		{5164598E-CCCA-4579-B48B-984C9267FEFF}.Release|ARM64.Build.0 = Release|Any CPU
		{5164598E-CCCA-4579-B48B-984C9267FEFF}.Release|iPhone.ActiveCfg = Release|Any CPU
		{5164598E-CCCA-4579-B48B-984C9267FEFF}.Release|iPhone.Build.0 = Release|Any CPU
		{5164598E-CCCA-4579-B48B-984C9267FEFF}.Release|iPhoneSimulator.ActiveCfg = Release|Any CPU
		{5164598E-CCCA-4579-B48B-984C9267FEFF}.Release|iPhoneSimulator.Build.0 = Release|Any CPU
		{5164598E-CCCA-4579-B48B-984C9267FEFF}.Release|x64.ActiveCfg = Release|Any CPU
		{5164598E-CCCA-4579-B48B-984C9267FEFF}.Release|x64.Build.0 = Release|Any CPU
		{5164598E-CCCA-4579-B48B-984C9267FEFF}.Release|x86.ActiveCfg = Release|Any CPU
		{5164598E-CCCA-4579-B48B-984C9267FEFF}.Release|x86.Build.0 = Release|Any CPU
		{76EB105A-FF77-47FF-A42E-569EFB425B33}.Ad-Hoc|Any CPU.ActiveCfg = Ad-Hoc|iPhoneSimulator
		{76EB105A-FF77-47FF-A42E-569EFB425B33}.Ad-Hoc|ARM.ActiveCfg = Ad-Hoc|iPhone
		{76EB105A-FF77-47FF-A42E-569EFB425B33}.Ad-Hoc|ARM.Build.0 = Ad-Hoc|iPhone
		{76EB105A-FF77-47FF-A42E-569EFB425B33}.Ad-Hoc|ARM64.ActiveCfg = Ad-Hoc|iPhone
		{76EB105A-FF77-47FF-A42E-569EFB425B33}.Ad-Hoc|ARM64.Build.0 = Ad-Hoc|iPhone
		{76EB105A-FF77-47FF-A42E-569EFB425B33}.Ad-Hoc|iPhone.ActiveCfg = Ad-Hoc|iPhone
		{76EB105A-FF77-47FF-A42E-569EFB425B33}.Ad-Hoc|iPhone.Build.0 = Ad-Hoc|iPhone
		{76EB105A-FF77-47FF-A42E-569EFB425B33}.Ad-Hoc|iPhoneSimulator.ActiveCfg = Ad-Hoc|iPhoneSimulator
		{76EB105A-FF77-47FF-A42E-569EFB425B33}.Ad-Hoc|iPhoneSimulator.Build.0 = Ad-Hoc|iPhoneSimulator
		{76EB105A-FF77-47FF-A42E-569EFB425B33}.Ad-Hoc|x64.ActiveCfg = Ad-Hoc|iPhoneSimulator
		{76EB105A-FF77-47FF-A42E-569EFB425B33}.Ad-Hoc|x86.ActiveCfg = Ad-Hoc|iPhoneSimulator
		{76EB105A-FF77-47FF-A42E-569EFB425B33}.AppStore|Any CPU.ActiveCfg = AppStore|iPhoneSimulator
		{76EB105A-FF77-47FF-A42E-569EFB425B33}.AppStore|ARM.ActiveCfg = AppStore|iPhone
		{76EB105A-FF77-47FF-A42E-569EFB425B33}.AppStore|ARM.Build.0 = AppStore|iPhone
		{76EB105A-FF77-47FF-A42E-569EFB425B33}.AppStore|ARM64.ActiveCfg = AppStore|iPhone
		{76EB105A-FF77-47FF-A42E-569EFB425B33}.AppStore|ARM64.Build.0 = AppStore|iPhone
		{76EB105A-FF77-47FF-A42E-569EFB425B33}.AppStore|iPhone.ActiveCfg = AppStore|iPhone
		{76EB105A-FF77-47FF-A42E-569EFB425B33}.AppStore|iPhone.Build.0 = AppStore|iPhone
		{76EB105A-FF77-47FF-A42E-569EFB425B33}.AppStore|iPhoneSimulator.ActiveCfg = AppStore|iPhoneSimulator
		{76EB105A-FF77-47FF-A42E-569EFB425B33}.AppStore|iPhoneSimulator.Build.0 = AppStore|iPhoneSimulator
		{76EB105A-FF77-47FF-A42E-569EFB425B33}.AppStore|x64.ActiveCfg = AppStore|iPhoneSimulator
		{76EB105A-FF77-47FF-A42E-569EFB425B33}.AppStore|x86.ActiveCfg = AppStore|iPhoneSimulator
		{76EB105A-FF77-47FF-A42E-569EFB425B33}.Debug|Any CPU.ActiveCfg = Debug|iPhoneSimulator
		{76EB105A-FF77-47FF-A42E-569EFB425B33}.Debug|ARM.ActiveCfg = Debug|iPhone
		{76EB105A-FF77-47FF-A42E-569EFB425B33}.Debug|ARM.Build.0 = Debug|iPhone
		{76EB105A-FF77-47FF-A42E-569EFB425B33}.Debug|ARM64.ActiveCfg = Debug|iPhone
		{76EB105A-FF77-47FF-A42E-569EFB425B33}.Debug|ARM64.Build.0 = Debug|iPhone
		{76EB105A-FF77-47FF-A42E-569EFB425B33}.Debug|iPhone.ActiveCfg = Debug|iPhone
		{76EB105A-FF77-47FF-A42E-569EFB425B33}.Debug|iPhone.Build.0 = Debug|iPhone
		{76EB105A-FF77-47FF-A42E-569EFB425B33}.Debug|iPhone.Deploy.0 = Debug|iPhone
		{76EB105A-FF77-47FF-A42E-569EFB425B33}.Debug|iPhoneSimulator.ActiveCfg = Debug|iPhoneSimulator
		{76EB105A-FF77-47FF-A42E-569EFB425B33}.Debug|iPhoneSimulator.Build.0 = Debug|iPhoneSimulator
		{76EB105A-FF77-47FF-A42E-569EFB425B33}.Debug|x64.ActiveCfg = Debug|iPhoneSimulator
		{76EB105A-FF77-47FF-A42E-569EFB425B33}.Debug|x86.ActiveCfg = Debug|iPhoneSimulator
		{76EB105A-FF77-47FF-A42E-569EFB425B33}.Release|Any CPU.ActiveCfg = Release|iPhoneSimulator
		{76EB105A-FF77-47FF-A42E-569EFB425B33}.Release|ARM.ActiveCfg = Release|iPhone
		{76EB105A-FF77-47FF-A42E-569EFB425B33}.Release|ARM.Build.0 = Release|iPhone
		{76EB105A-FF77-47FF-A42E-569EFB425B33}.Release|ARM64.ActiveCfg = Release|iPhone
		{76EB105A-FF77-47FF-A42E-569EFB425B33}.Release|ARM64.Build.0 = Release|iPhone
		{76EB105A-FF77-47FF-A42E-569EFB425B33}.Release|iPhone.ActiveCfg = Release|iPhone
		{76EB105A-FF77-47FF-A42E-569EFB425B33}.Release|iPhone.Build.0 = Release|iPhone
		{76EB105A-FF77-47FF-A42E-569EFB425B33}.Release|iPhone.Deploy.0 = Release|iPhone
		{76EB105A-FF77-47FF-A42E-569EFB425B33}.Release|iPhoneSimulator.ActiveCfg = Release|iPhoneSimulator
		{76EB105A-FF77-47FF-A42E-569EFB425B33}.Release|iPhoneSimulator.Build.0 = Release|iPhoneSimulator
		{76EB105A-FF77-47FF-A42E-569EFB425B33}.Release|x64.ActiveCfg = Release|iPhoneSimulator
		{76EB105A-FF77-47FF-A42E-569EFB425B33}.Release|x86.ActiveCfg = Release|iPhoneSimulator
		{550DF24A-6657-4287-9CF2-B786DD205442}.Ad-Hoc|Any CPU.ActiveCfg = Debug|Any CPU
		{550DF24A-6657-4287-9CF2-B786DD205442}.Ad-Hoc|Any CPU.Build.0 = Debug|Any CPU
		{550DF24A-6657-4287-9CF2-B786DD205442}.Ad-Hoc|Any CPU.Deploy.0 = Debug|Any CPU
		{550DF24A-6657-4287-9CF2-B786DD205442}.Ad-Hoc|ARM.ActiveCfg = Release|Any CPU
		{550DF24A-6657-4287-9CF2-B786DD205442}.Ad-Hoc|ARM.Build.0 = Release|Any CPU
		{550DF24A-6657-4287-9CF2-B786DD205442}.Ad-Hoc|ARM.Deploy.0 = Release|Any CPU
		{550DF24A-6657-4287-9CF2-B786DD205442}.Ad-Hoc|ARM64.ActiveCfg = Release|Any CPU
		{550DF24A-6657-4287-9CF2-B786DD205442}.Ad-Hoc|ARM64.Build.0 = Release|Any CPU
		{550DF24A-6657-4287-9CF2-B786DD205442}.Ad-Hoc|ARM64.Deploy.0 = Release|Any CPU
		{550DF24A-6657-4287-9CF2-B786DD205442}.Ad-Hoc|iPhone.ActiveCfg = Debug|Any CPU
		{550DF24A-6657-4287-9CF2-B786DD205442}.Ad-Hoc|iPhone.Build.0 = Debug|Any CPU
		{550DF24A-6657-4287-9CF2-B786DD205442}.Ad-Hoc|iPhone.Deploy.0 = Debug|Any CPU
		{550DF24A-6657-4287-9CF2-B786DD205442}.Ad-Hoc|iPhoneSimulator.ActiveCfg = Debug|Any CPU
		{550DF24A-6657-4287-9CF2-B786DD205442}.Ad-Hoc|iPhoneSimulator.Build.0 = Debug|Any CPU
		{550DF24A-6657-4287-9CF2-B786DD205442}.Ad-Hoc|iPhoneSimulator.Deploy.0 = Debug|Any CPU
		{550DF24A-6657-4287-9CF2-B786DD205442}.Ad-Hoc|x64.ActiveCfg = Debug|Any CPU
		{550DF24A-6657-4287-9CF2-B786DD205442}.Ad-Hoc|x64.Build.0 = Debug|Any CPU
		{550DF24A-6657-4287-9CF2-B786DD205442}.Ad-Hoc|x64.Deploy.0 = Debug|Any CPU
		{550DF24A-6657-4287-9CF2-B786DD205442}.Ad-Hoc|x86.ActiveCfg = Debug|Any CPU
		{550DF24A-6657-4287-9CF2-B786DD205442}.Ad-Hoc|x86.Build.0 = Debug|Any CPU
		{550DF24A-6657-4287-9CF2-B786DD205442}.Ad-Hoc|x86.Deploy.0 = Debug|Any CPU
		{550DF24A-6657-4287-9CF2-B786DD205442}.AppStore|Any CPU.ActiveCfg = Debug|Any CPU
		{550DF24A-6657-4287-9CF2-B786DD205442}.AppStore|Any CPU.Build.0 = Debug|Any CPU
		{550DF24A-6657-4287-9CF2-B786DD205442}.AppStore|Any CPU.Deploy.0 = Debug|Any CPU
		{550DF24A-6657-4287-9CF2-B786DD205442}.AppStore|ARM.ActiveCfg = Release|Any CPU
		{550DF24A-6657-4287-9CF2-B786DD205442}.AppStore|ARM.Build.0 = Release|Any CPU
		{550DF24A-6657-4287-9CF2-B786DD205442}.AppStore|ARM.Deploy.0 = Release|Any CPU
		{550DF24A-6657-4287-9CF2-B786DD205442}.AppStore|ARM64.ActiveCfg = Release|Any CPU
		{550DF24A-6657-4287-9CF2-B786DD205442}.AppStore|ARM64.Build.0 = Release|Any CPU
		{550DF24A-6657-4287-9CF2-B786DD205442}.AppStore|ARM64.Deploy.0 = Release|Any CPU
		{550DF24A-6657-4287-9CF2-B786DD205442}.AppStore|iPhone.ActiveCfg = Debug|Any CPU
		{550DF24A-6657-4287-9CF2-B786DD205442}.AppStore|iPhone.Build.0 = Debug|Any CPU
		{550DF24A-6657-4287-9CF2-B786DD205442}.AppStore|iPhone.Deploy.0 = Debug|Any CPU
		{550DF24A-6657-4287-9CF2-B786DD205442}.AppStore|iPhoneSimulator.ActiveCfg = Debug|Any CPU
		{550DF24A-6657-4287-9CF2-B786DD205442}.AppStore|iPhoneSimulator.Build.0 = Debug|Any CPU
		{550DF24A-6657-4287-9CF2-B786DD205442}.AppStore|iPhoneSimulator.Deploy.0 = Debug|Any CPU
		{550DF24A-6657-4287-9CF2-B786DD205442}.AppStore|x64.ActiveCfg = Debug|Any CPU
		{550DF24A-6657-4287-9CF2-B786DD205442}.AppStore|x64.Build.0 = Debug|Any CPU
		{550DF24A-6657-4287-9CF2-B786DD205442}.AppStore|x64.Deploy.0 = Debug|Any CPU
		{550DF24A-6657-4287-9CF2-B786DD205442}.AppStore|x86.ActiveCfg = Debug|Any CPU
		{550DF24A-6657-4287-9CF2-B786DD205442}.AppStore|x86.Build.0 = Debug|Any CPU
		{550DF24A-6657-4287-9CF2-B786DD205442}.AppStore|x86.Deploy.0 = Debug|Any CPU
		{550DF24A-6657-4287-9CF2-B786DD205442}.Debug|Any CPU.ActiveCfg = Debug|Any CPU
		{550DF24A-6657-4287-9CF2-B786DD205442}.Debug|Any CPU.Build.0 = Debug|Any CPU
		{550DF24A-6657-4287-9CF2-B786DD205442}.Debug|Any CPU.Deploy.0 = Debug|Any CPU
		{550DF24A-6657-4287-9CF2-B786DD205442}.Debug|ARM.ActiveCfg = Debug|Any CPU
		{550DF24A-6657-4287-9CF2-B786DD205442}.Debug|ARM.Build.0 = Debug|Any CPU
		{550DF24A-6657-4287-9CF2-B786DD205442}.Debug|ARM.Deploy.0 = Debug|Any CPU
		{550DF24A-6657-4287-9CF2-B786DD205442}.Debug|ARM64.ActiveCfg = Debug|Any CPU
		{550DF24A-6657-4287-9CF2-B786DD205442}.Debug|ARM64.Build.0 = Debug|Any CPU
		{550DF24A-6657-4287-9CF2-B786DD205442}.Debug|ARM64.Deploy.0 = Debug|Any CPU
		{550DF24A-6657-4287-9CF2-B786DD205442}.Debug|iPhone.ActiveCfg = Debug|Any CPU
		{550DF24A-6657-4287-9CF2-B786DD205442}.Debug|iPhone.Build.0 = Debug|Any CPU
		{550DF24A-6657-4287-9CF2-B786DD205442}.Debug|iPhone.Deploy.0 = Debug|Any CPU
		{550DF24A-6657-4287-9CF2-B786DD205442}.Debug|iPhoneSimulator.ActiveCfg = Debug|Any CPU
		{550DF24A-6657-4287-9CF2-B786DD205442}.Debug|iPhoneSimulator.Build.0 = Debug|Any CPU
		{550DF24A-6657-4287-9CF2-B786DD205442}.Debug|iPhoneSimulator.Deploy.0 = Debug|Any CPU
		{550DF24A-6657-4287-9CF2-B786DD205442}.Debug|x64.ActiveCfg = Debug|Any CPU
		{550DF24A-6657-4287-9CF2-B786DD205442}.Debug|x64.Build.0 = Debug|Any CPU
		{550DF24A-6657-4287-9CF2-B786DD205442}.Debug|x64.Deploy.0 = Debug|Any CPU
		{550DF24A-6657-4287-9CF2-B786DD205442}.Debug|x86.ActiveCfg = Debug|Any CPU
		{550DF24A-6657-4287-9CF2-B786DD205442}.Debug|x86.Build.0 = Debug|Any CPU
		{550DF24A-6657-4287-9CF2-B786DD205442}.Debug|x86.Deploy.0 = Debug|Any CPU
		{550DF24A-6657-4287-9CF2-B786DD205442}.Release|Any CPU.ActiveCfg = Release|Any CPU
		{550DF24A-6657-4287-9CF2-B786DD205442}.Release|Any CPU.Build.0 = Release|Any CPU
		{550DF24A-6657-4287-9CF2-B786DD205442}.Release|Any CPU.Deploy.0 = Release|Any CPU
		{550DF24A-6657-4287-9CF2-B786DD205442}.Release|ARM.ActiveCfg = Release|Any CPU
		{550DF24A-6657-4287-9CF2-B786DD205442}.Release|ARM.Build.0 = Release|Any CPU
		{550DF24A-6657-4287-9CF2-B786DD205442}.Release|ARM.Deploy.0 = Release|Any CPU
		{550DF24A-6657-4287-9CF2-B786DD205442}.Release|ARM64.ActiveCfg = Release|Any CPU
		{550DF24A-6657-4287-9CF2-B786DD205442}.Release|ARM64.Build.0 = Release|Any CPU
		{550DF24A-6657-4287-9CF2-B786DD205442}.Release|ARM64.Deploy.0 = Release|Any CPU
		{550DF24A-6657-4287-9CF2-B786DD205442}.Release|iPhone.ActiveCfg = Release|Any CPU
		{550DF24A-6657-4287-9CF2-B786DD205442}.Release|iPhone.Build.0 = Release|Any CPU
		{550DF24A-6657-4287-9CF2-B786DD205442}.Release|iPhone.Deploy.0 = Release|Any CPU
		{550DF24A-6657-4287-9CF2-B786DD205442}.Release|iPhoneSimulator.ActiveCfg = Release|Any CPU
		{550DF24A-6657-4287-9CF2-B786DD205442}.Release|iPhoneSimulator.Build.0 = Release|Any CPU
		{550DF24A-6657-4287-9CF2-B786DD205442}.Release|iPhoneSimulator.Deploy.0 = Release|Any CPU
		{550DF24A-6657-4287-9CF2-B786DD205442}.Release|x64.ActiveCfg = Release|Any CPU
		{550DF24A-6657-4287-9CF2-B786DD205442}.Release|x64.Build.0 = Release|Any CPU
		{550DF24A-6657-4287-9CF2-B786DD205442}.Release|x64.Deploy.0 = Release|Any CPU
		{550DF24A-6657-4287-9CF2-B786DD205442}.Release|x86.ActiveCfg = Release|Any CPU
		{550DF24A-6657-4287-9CF2-B786DD205442}.Release|x86.Build.0 = Release|Any CPU
		{550DF24A-6657-4287-9CF2-B786DD205442}.Release|x86.Deploy.0 = Release|Any CPU
		{DF800922-B2EF-4576-B029-B5CC06A26F3B}.Ad-Hoc|Any CPU.ActiveCfg = Debug|Any CPU
		{DF800922-B2EF-4576-B029-B5CC06A26F3B}.Ad-Hoc|Any CPU.Build.0 = Debug|Any CPU
		{DF800922-B2EF-4576-B029-B5CC06A26F3B}.Ad-Hoc|ARM.ActiveCfg = Release|Any CPU
		{DF800922-B2EF-4576-B029-B5CC06A26F3B}.Ad-Hoc|ARM.Build.0 = Release|Any CPU
		{DF800922-B2EF-4576-B029-B5CC06A26F3B}.Ad-Hoc|ARM64.ActiveCfg = Release|Any CPU
		{DF800922-B2EF-4576-B029-B5CC06A26F3B}.Ad-Hoc|ARM64.Build.0 = Release|Any CPU
		{DF800922-B2EF-4576-B029-B5CC06A26F3B}.Ad-Hoc|iPhone.ActiveCfg = Debug|Any CPU
		{DF800922-B2EF-4576-B029-B5CC06A26F3B}.Ad-Hoc|iPhone.Build.0 = Debug|Any CPU
		{DF800922-B2EF-4576-B029-B5CC06A26F3B}.Ad-Hoc|iPhoneSimulator.ActiveCfg = Debug|Any CPU
		{DF800922-B2EF-4576-B029-B5CC06A26F3B}.Ad-Hoc|iPhoneSimulator.Build.0 = Debug|Any CPU
		{DF800922-B2EF-4576-B029-B5CC06A26F3B}.Ad-Hoc|x64.ActiveCfg = Debug|Any CPU
		{DF800922-B2EF-4576-B029-B5CC06A26F3B}.Ad-Hoc|x64.Build.0 = Debug|Any CPU
		{DF800922-B2EF-4576-B029-B5CC06A26F3B}.Ad-Hoc|x86.ActiveCfg = Debug|Any CPU
		{DF800922-B2EF-4576-B029-B5CC06A26F3B}.Ad-Hoc|x86.Build.0 = Debug|Any CPU
		{DF800922-B2EF-4576-B029-B5CC06A26F3B}.AppStore|Any CPU.ActiveCfg = Debug|Any CPU
		{DF800922-B2EF-4576-B029-B5CC06A26F3B}.AppStore|Any CPU.Build.0 = Debug|Any CPU
		{DF800922-B2EF-4576-B029-B5CC06A26F3B}.AppStore|ARM.ActiveCfg = Release|Any CPU
		{DF800922-B2EF-4576-B029-B5CC06A26F3B}.AppStore|ARM.Build.0 = Release|Any CPU
		{DF800922-B2EF-4576-B029-B5CC06A26F3B}.AppStore|ARM64.ActiveCfg = Release|Any CPU
		{DF800922-B2EF-4576-B029-B5CC06A26F3B}.AppStore|ARM64.Build.0 = Release|Any CPU
		{DF800922-B2EF-4576-B029-B5CC06A26F3B}.AppStore|iPhone.ActiveCfg = Debug|Any CPU
		{DF800922-B2EF-4576-B029-B5CC06A26F3B}.AppStore|iPhone.Build.0 = Debug|Any CPU
		{DF800922-B2EF-4576-B029-B5CC06A26F3B}.AppStore|iPhoneSimulator.ActiveCfg = Debug|Any CPU
		{DF800922-B2EF-4576-B029-B5CC06A26F3B}.AppStore|iPhoneSimulator.Build.0 = Debug|Any CPU
		{DF800922-B2EF-4576-B029-B5CC06A26F3B}.AppStore|x64.ActiveCfg = Debug|Any CPU
		{DF800922-B2EF-4576-B029-B5CC06A26F3B}.AppStore|x64.Build.0 = Debug|Any CPU
		{DF800922-B2EF-4576-B029-B5CC06A26F3B}.AppStore|x86.ActiveCfg = Debug|Any CPU
		{DF800922-B2EF-4576-B029-B5CC06A26F3B}.AppStore|x86.Build.0 = Debug|Any CPU
		{DF800922-B2EF-4576-B029-B5CC06A26F3B}.Debug|Any CPU.ActiveCfg = Debug|Any CPU
		{DF800922-B2EF-4576-B029-B5CC06A26F3B}.Debug|Any CPU.Build.0 = Debug|Any CPU
		{DF800922-B2EF-4576-B029-B5CC06A26F3B}.Debug|ARM.ActiveCfg = Debug|Any CPU
		{DF800922-B2EF-4576-B029-B5CC06A26F3B}.Debug|ARM.Build.0 = Debug|Any CPU
		{DF800922-B2EF-4576-B029-B5CC06A26F3B}.Debug|ARM64.ActiveCfg = Debug|Any CPU
		{DF800922-B2EF-4576-B029-B5CC06A26F3B}.Debug|ARM64.Build.0 = Debug|Any CPU
		{DF800922-B2EF-4576-B029-B5CC06A26F3B}.Debug|iPhone.ActiveCfg = Debug|Any CPU
		{DF800922-B2EF-4576-B029-B5CC06A26F3B}.Debug|iPhone.Build.0 = Debug|Any CPU
		{DF800922-B2EF-4576-B029-B5CC06A26F3B}.Debug|iPhoneSimulator.ActiveCfg = Debug|Any CPU
		{DF800922-B2EF-4576-B029-B5CC06A26F3B}.Debug|iPhoneSimulator.Build.0 = Debug|Any CPU
		{DF800922-B2EF-4576-B029-B5CC06A26F3B}.Debug|x64.ActiveCfg = Debug|Any CPU
		{DF800922-B2EF-4576-B029-B5CC06A26F3B}.Debug|x64.Build.0 = Debug|Any CPU
		{DF800922-B2EF-4576-B029-B5CC06A26F3B}.Debug|x86.ActiveCfg = Debug|Any CPU
		{DF800922-B2EF-4576-B029-B5CC06A26F3B}.Debug|x86.Build.0 = Debug|Any CPU
		{DF800922-B2EF-4576-B029-B5CC06A26F3B}.Release|Any CPU.ActiveCfg = Release|Any CPU
		{DF800922-B2EF-4576-B029-B5CC06A26F3B}.Release|Any CPU.Build.0 = Release|Any CPU
		{DF800922-B2EF-4576-B029-B5CC06A26F3B}.Release|ARM.ActiveCfg = Release|Any CPU
		{DF800922-B2EF-4576-B029-B5CC06A26F3B}.Release|ARM.Build.0 = Release|Any CPU
		{DF800922-B2EF-4576-B029-B5CC06A26F3B}.Release|ARM64.ActiveCfg = Release|Any CPU
		{DF800922-B2EF-4576-B029-B5CC06A26F3B}.Release|ARM64.Build.0 = Release|Any CPU
		{DF800922-B2EF-4576-B029-B5CC06A26F3B}.Release|iPhone.ActiveCfg = Release|Any CPU
		{DF800922-B2EF-4576-B029-B5CC06A26F3B}.Release|iPhone.Build.0 = Release|Any CPU
		{DF800922-B2EF-4576-B029-B5CC06A26F3B}.Release|iPhoneSimulator.ActiveCfg = Release|Any CPU
		{DF800922-B2EF-4576-B029-B5CC06A26F3B}.Release|iPhoneSimulator.Build.0 = Release|Any CPU
		{DF800922-B2EF-4576-B029-B5CC06A26F3B}.Release|x64.ActiveCfg = Release|Any CPU
		{DF800922-B2EF-4576-B029-B5CC06A26F3B}.Release|x64.Build.0 = Release|Any CPU
		{DF800922-B2EF-4576-B029-B5CC06A26F3B}.Release|x86.ActiveCfg = Release|Any CPU
		{DF800922-B2EF-4576-B029-B5CC06A26F3B}.Release|x86.Build.0 = Release|Any CPU
		{8302926E-117F-486A-951E-63FF5633815D}.Ad-Hoc|Any CPU.ActiveCfg = Debug|Any CPU
		{8302926E-117F-486A-951E-63FF5633815D}.Ad-Hoc|Any CPU.Build.0 = Debug|Any CPU
		{8302926E-117F-486A-951E-63FF5633815D}.Ad-Hoc|ARM.ActiveCfg = Release|Any CPU
		{8302926E-117F-486A-951E-63FF5633815D}.Ad-Hoc|ARM.Build.0 = Release|Any CPU
		{8302926E-117F-486A-951E-63FF5633815D}.Ad-Hoc|ARM64.ActiveCfg = Release|Any CPU
		{8302926E-117F-486A-951E-63FF5633815D}.Ad-Hoc|ARM64.Build.0 = Release|Any CPU
		{8302926E-117F-486A-951E-63FF5633815D}.Ad-Hoc|iPhone.ActiveCfg = Debug|Any CPU
		{8302926E-117F-486A-951E-63FF5633815D}.Ad-Hoc|iPhone.Build.0 = Debug|Any CPU
		{8302926E-117F-486A-951E-63FF5633815D}.Ad-Hoc|iPhoneSimulator.ActiveCfg = Debug|Any CPU
		{8302926E-117F-486A-951E-63FF5633815D}.Ad-Hoc|iPhoneSimulator.Build.0 = Debug|Any CPU
		{8302926E-117F-486A-951E-63FF5633815D}.Ad-Hoc|x64.ActiveCfg = Debug|Any CPU
		{8302926E-117F-486A-951E-63FF5633815D}.Ad-Hoc|x64.Build.0 = Debug|Any CPU
		{8302926E-117F-486A-951E-63FF5633815D}.Ad-Hoc|x86.ActiveCfg = Debug|Any CPU
		{8302926E-117F-486A-951E-63FF5633815D}.Ad-Hoc|x86.Build.0 = Debug|Any CPU
		{8302926E-117F-486A-951E-63FF5633815D}.AppStore|Any CPU.ActiveCfg = Debug|Any CPU
		{8302926E-117F-486A-951E-63FF5633815D}.AppStore|Any CPU.Build.0 = Debug|Any CPU
		{8302926E-117F-486A-951E-63FF5633815D}.AppStore|ARM.ActiveCfg = Release|Any CPU
		{8302926E-117F-486A-951E-63FF5633815D}.AppStore|ARM.Build.0 = Release|Any CPU
		{8302926E-117F-486A-951E-63FF5633815D}.AppStore|ARM64.ActiveCfg = Release|Any CPU
		{8302926E-117F-486A-951E-63FF5633815D}.AppStore|ARM64.Build.0 = Release|Any CPU
		{8302926E-117F-486A-951E-63FF5633815D}.AppStore|iPhone.ActiveCfg = Debug|Any CPU
		{8302926E-117F-486A-951E-63FF5633815D}.AppStore|iPhone.Build.0 = Debug|Any CPU
		{8302926E-117F-486A-951E-63FF5633815D}.AppStore|iPhoneSimulator.ActiveCfg = Debug|Any CPU
		{8302926E-117F-486A-951E-63FF5633815D}.AppStore|iPhoneSimulator.Build.0 = Debug|Any CPU
		{8302926E-117F-486A-951E-63FF5633815D}.AppStore|x64.ActiveCfg = Debug|Any CPU
		{8302926E-117F-486A-951E-63FF5633815D}.AppStore|x64.Build.0 = Debug|Any CPU
		{8302926E-117F-486A-951E-63FF5633815D}.AppStore|x86.ActiveCfg = Debug|Any CPU
		{8302926E-117F-486A-951E-63FF5633815D}.AppStore|x86.Build.0 = Debug|Any CPU
		{8302926E-117F-486A-951E-63FF5633815D}.Debug|Any CPU.ActiveCfg = Debug|Any CPU
		{8302926E-117F-486A-951E-63FF5633815D}.Debug|Any CPU.Build.0 = Debug|Any CPU
		{8302926E-117F-486A-951E-63FF5633815D}.Debug|ARM.ActiveCfg = Debug|Any CPU
		{8302926E-117F-486A-951E-63FF5633815D}.Debug|ARM.Build.0 = Debug|Any CPU
		{8302926E-117F-486A-951E-63FF5633815D}.Debug|ARM64.ActiveCfg = Debug|Any CPU
		{8302926E-117F-486A-951E-63FF5633815D}.Debug|ARM64.Build.0 = Debug|Any CPU
		{8302926E-117F-486A-951E-63FF5633815D}.Debug|iPhone.ActiveCfg = Debug|Any CPU
		{8302926E-117F-486A-951E-63FF5633815D}.Debug|iPhone.Build.0 = Debug|Any CPU
		{8302926E-117F-486A-951E-63FF5633815D}.Debug|iPhoneSimulator.ActiveCfg = Debug|Any CPU
		{8302926E-117F-486A-951E-63FF5633815D}.Debug|iPhoneSimulator.Build.0 = Debug|Any CPU
		{8302926E-117F-486A-951E-63FF5633815D}.Debug|x64.ActiveCfg = Debug|Any CPU
		{8302926E-117F-486A-951E-63FF5633815D}.Debug|x64.Build.0 = Debug|Any CPU
		{8302926E-117F-486A-951E-63FF5633815D}.Debug|x86.ActiveCfg = Debug|Any CPU
		{8302926E-117F-486A-951E-63FF5633815D}.Debug|x86.Build.0 = Debug|Any CPU
		{8302926E-117F-486A-951E-63FF5633815D}.Release|Any CPU.ActiveCfg = Release|Any CPU
		{8302926E-117F-486A-951E-63FF5633815D}.Release|Any CPU.Build.0 = Release|Any CPU
		{8302926E-117F-486A-951E-63FF5633815D}.Release|ARM.ActiveCfg = Release|Any CPU
		{8302926E-117F-486A-951E-63FF5633815D}.Release|ARM.Build.0 = Release|Any CPU
		{8302926E-117F-486A-951E-63FF5633815D}.Release|ARM64.ActiveCfg = Release|Any CPU
		{8302926E-117F-486A-951E-63FF5633815D}.Release|ARM64.Build.0 = Release|Any CPU
		{8302926E-117F-486A-951E-63FF5633815D}.Release|iPhone.ActiveCfg = Release|Any CPU
		{8302926E-117F-486A-951E-63FF5633815D}.Release|iPhone.Build.0 = Release|Any CPU
		{8302926E-117F-486A-951E-63FF5633815D}.Release|iPhoneSimulator.ActiveCfg = Release|Any CPU
		{8302926E-117F-486A-951E-63FF5633815D}.Release|iPhoneSimulator.Build.0 = Release|Any CPU
		{8302926E-117F-486A-951E-63FF5633815D}.Release|x64.ActiveCfg = Release|Any CPU
		{8302926E-117F-486A-951E-63FF5633815D}.Release|x64.Build.0 = Release|Any CPU
		{8302926E-117F-486A-951E-63FF5633815D}.Release|x86.ActiveCfg = Release|Any CPU
		{8302926E-117F-486A-951E-63FF5633815D}.Release|x86.Build.0 = Release|Any CPU
		{D711269B-D3E8-4CD7-B443-D4409D2B8750}.Ad-Hoc|Any CPU.ActiveCfg = Debug|Any CPU
		{D711269B-D3E8-4CD7-B443-D4409D2B8750}.Ad-Hoc|Any CPU.Build.0 = Debug|Any CPU
		{D711269B-D3E8-4CD7-B443-D4409D2B8750}.Ad-Hoc|ARM.ActiveCfg = Release|Any CPU
		{D711269B-D3E8-4CD7-B443-D4409D2B8750}.Ad-Hoc|ARM.Build.0 = Release|Any CPU
		{D711269B-D3E8-4CD7-B443-D4409D2B8750}.Ad-Hoc|ARM64.ActiveCfg = Release|Any CPU
		{D711269B-D3E8-4CD7-B443-D4409D2B8750}.Ad-Hoc|ARM64.Build.0 = Release|Any CPU
		{D711269B-D3E8-4CD7-B443-D4409D2B8750}.Ad-Hoc|iPhone.ActiveCfg = Debug|Any CPU
		{D711269B-D3E8-4CD7-B443-D4409D2B8750}.Ad-Hoc|iPhone.Build.0 = Debug|Any CPU
		{D711269B-D3E8-4CD7-B443-D4409D2B8750}.Ad-Hoc|iPhoneSimulator.ActiveCfg = Debug|Any CPU
		{D711269B-D3E8-4CD7-B443-D4409D2B8750}.Ad-Hoc|iPhoneSimulator.Build.0 = Debug|Any CPU
		{D711269B-D3E8-4CD7-B443-D4409D2B8750}.Ad-Hoc|x64.ActiveCfg = Debug|Any CPU
		{D711269B-D3E8-4CD7-B443-D4409D2B8750}.Ad-Hoc|x64.Build.0 = Debug|Any CPU
		{D711269B-D3E8-4CD7-B443-D4409D2B8750}.Ad-Hoc|x86.ActiveCfg = Debug|Any CPU
		{D711269B-D3E8-4CD7-B443-D4409D2B8750}.Ad-Hoc|x86.Build.0 = Debug|Any CPU
		{D711269B-D3E8-4CD7-B443-D4409D2B8750}.AppStore|Any CPU.ActiveCfg = Debug|Any CPU
		{D711269B-D3E8-4CD7-B443-D4409D2B8750}.AppStore|Any CPU.Build.0 = Debug|Any CPU
		{D711269B-D3E8-4CD7-B443-D4409D2B8750}.AppStore|ARM.ActiveCfg = Release|Any CPU
		{D711269B-D3E8-4CD7-B443-D4409D2B8750}.AppStore|ARM.Build.0 = Release|Any CPU
		{D711269B-D3E8-4CD7-B443-D4409D2B8750}.AppStore|ARM64.ActiveCfg = Release|Any CPU
		{D711269B-D3E8-4CD7-B443-D4409D2B8750}.AppStore|ARM64.Build.0 = Release|Any CPU
		{D711269B-D3E8-4CD7-B443-D4409D2B8750}.AppStore|iPhone.ActiveCfg = Debug|Any CPU
		{D711269B-D3E8-4CD7-B443-D4409D2B8750}.AppStore|iPhone.Build.0 = Debug|Any CPU
		{D711269B-D3E8-4CD7-B443-D4409D2B8750}.AppStore|iPhoneSimulator.ActiveCfg = Debug|Any CPU
		{D711269B-D3E8-4CD7-B443-D4409D2B8750}.AppStore|iPhoneSimulator.Build.0 = Debug|Any CPU
		{D711269B-D3E8-4CD7-B443-D4409D2B8750}.AppStore|x64.ActiveCfg = Debug|Any CPU
		{D711269B-D3E8-4CD7-B443-D4409D2B8750}.AppStore|x64.Build.0 = Debug|Any CPU
		{D711269B-D3E8-4CD7-B443-D4409D2B8750}.AppStore|x86.ActiveCfg = Debug|Any CPU
		{D711269B-D3E8-4CD7-B443-D4409D2B8750}.AppStore|x86.Build.0 = Debug|Any CPU
		{D711269B-D3E8-4CD7-B443-D4409D2B8750}.Debug|Any CPU.ActiveCfg = Debug|Any CPU
		{D711269B-D3E8-4CD7-B443-D4409D2B8750}.Debug|Any CPU.Build.0 = Debug|Any CPU
		{D711269B-D3E8-4CD7-B443-D4409D2B8750}.Debug|ARM.ActiveCfg = Debug|Any CPU
		{D711269B-D3E8-4CD7-B443-D4409D2B8750}.Debug|ARM.Build.0 = Debug|Any CPU
		{D711269B-D3E8-4CD7-B443-D4409D2B8750}.Debug|ARM64.ActiveCfg = Debug|Any CPU
		{D711269B-D3E8-4CD7-B443-D4409D2B8750}.Debug|ARM64.Build.0 = Debug|Any CPU
		{D711269B-D3E8-4CD7-B443-D4409D2B8750}.Debug|iPhone.ActiveCfg = Debug|Any CPU
		{D711269B-D3E8-4CD7-B443-D4409D2B8750}.Debug|iPhone.Build.0 = Debug|Any CPU
		{D711269B-D3E8-4CD7-B443-D4409D2B8750}.Debug|iPhoneSimulator.ActiveCfg = Debug|Any CPU
		{D711269B-D3E8-4CD7-B443-D4409D2B8750}.Debug|iPhoneSimulator.Build.0 = Debug|Any CPU
		{D711269B-D3E8-4CD7-B443-D4409D2B8750}.Debug|x64.ActiveCfg = Debug|Any CPU
		{D711269B-D3E8-4CD7-B443-D4409D2B8750}.Debug|x64.Build.0 = Debug|Any CPU
		{D711269B-D3E8-4CD7-B443-D4409D2B8750}.Debug|x86.ActiveCfg = Debug|Any CPU
		{D711269B-D3E8-4CD7-B443-D4409D2B8750}.Debug|x86.Build.0 = Debug|Any CPU
		{D711269B-D3E8-4CD7-B443-D4409D2B8750}.Release|Any CPU.ActiveCfg = Release|Any CPU
		{D711269B-D3E8-4CD7-B443-D4409D2B8750}.Release|Any CPU.Build.0 = Release|Any CPU
		{D711269B-D3E8-4CD7-B443-D4409D2B8750}.Release|ARM.ActiveCfg = Release|Any CPU
		{D711269B-D3E8-4CD7-B443-D4409D2B8750}.Release|ARM.Build.0 = Release|Any CPU
		{D711269B-D3E8-4CD7-B443-D4409D2B8750}.Release|ARM64.ActiveCfg = Release|Any CPU
		{D711269B-D3E8-4CD7-B443-D4409D2B8750}.Release|ARM64.Build.0 = Release|Any CPU
		{D711269B-D3E8-4CD7-B443-D4409D2B8750}.Release|iPhone.ActiveCfg = Release|Any CPU
		{D711269B-D3E8-4CD7-B443-D4409D2B8750}.Release|iPhone.Build.0 = Release|Any CPU
		{D711269B-D3E8-4CD7-B443-D4409D2B8750}.Release|iPhoneSimulator.ActiveCfg = Release|Any CPU
		{D711269B-D3E8-4CD7-B443-D4409D2B8750}.Release|iPhoneSimulator.Build.0 = Release|Any CPU
		{D711269B-D3E8-4CD7-B443-D4409D2B8750}.Release|x64.ActiveCfg = Release|Any CPU
		{D711269B-D3E8-4CD7-B443-D4409D2B8750}.Release|x64.Build.0 = Release|Any CPU
		{D711269B-D3E8-4CD7-B443-D4409D2B8750}.Release|x86.ActiveCfg = Release|Any CPU
		{D711269B-D3E8-4CD7-B443-D4409D2B8750}.Release|x86.Build.0 = Release|Any CPU
		{477F7224-2E61-4B02-8247-49DFE9D92B69}.Ad-Hoc|Any CPU.ActiveCfg = Debug|Any CPU
		{477F7224-2E61-4B02-8247-49DFE9D92B69}.Ad-Hoc|Any CPU.Build.0 = Debug|Any CPU
		{477F7224-2E61-4B02-8247-49DFE9D92B69}.Ad-Hoc|ARM.ActiveCfg = Release|Any CPU
		{477F7224-2E61-4B02-8247-49DFE9D92B69}.Ad-Hoc|ARM.Build.0 = Release|Any CPU
		{477F7224-2E61-4B02-8247-49DFE9D92B69}.Ad-Hoc|ARM64.ActiveCfg = Release|Any CPU
		{477F7224-2E61-4B02-8247-49DFE9D92B69}.Ad-Hoc|ARM64.Build.0 = Release|Any CPU
		{477F7224-2E61-4B02-8247-49DFE9D92B69}.Ad-Hoc|iPhone.ActiveCfg = Debug|Any CPU
		{477F7224-2E61-4B02-8247-49DFE9D92B69}.Ad-Hoc|iPhone.Build.0 = Debug|Any CPU
		{477F7224-2E61-4B02-8247-49DFE9D92B69}.Ad-Hoc|iPhoneSimulator.ActiveCfg = Debug|Any CPU
		{477F7224-2E61-4B02-8247-49DFE9D92B69}.Ad-Hoc|iPhoneSimulator.Build.0 = Debug|Any CPU
		{477F7224-2E61-4B02-8247-49DFE9D92B69}.Ad-Hoc|x64.ActiveCfg = Debug|Any CPU
		{477F7224-2E61-4B02-8247-49DFE9D92B69}.Ad-Hoc|x64.Build.0 = Debug|Any CPU
		{477F7224-2E61-4B02-8247-49DFE9D92B69}.Ad-Hoc|x86.ActiveCfg = Debug|Any CPU
		{477F7224-2E61-4B02-8247-49DFE9D92B69}.Ad-Hoc|x86.Build.0 = Debug|Any CPU
		{477F7224-2E61-4B02-8247-49DFE9D92B69}.AppStore|Any CPU.ActiveCfg = Debug|Any CPU
		{477F7224-2E61-4B02-8247-49DFE9D92B69}.AppStore|Any CPU.Build.0 = Debug|Any CPU
		{477F7224-2E61-4B02-8247-49DFE9D92B69}.AppStore|ARM.ActiveCfg = Release|Any CPU
		{477F7224-2E61-4B02-8247-49DFE9D92B69}.AppStore|ARM.Build.0 = Release|Any CPU
		{477F7224-2E61-4B02-8247-49DFE9D92B69}.AppStore|ARM64.ActiveCfg = Release|Any CPU
		{477F7224-2E61-4B02-8247-49DFE9D92B69}.AppStore|ARM64.Build.0 = Release|Any CPU
		{477F7224-2E61-4B02-8247-49DFE9D92B69}.AppStore|iPhone.ActiveCfg = Debug|Any CPU
		{477F7224-2E61-4B02-8247-49DFE9D92B69}.AppStore|iPhone.Build.0 = Debug|Any CPU
		{477F7224-2E61-4B02-8247-49DFE9D92B69}.AppStore|iPhoneSimulator.ActiveCfg = Debug|Any CPU
		{477F7224-2E61-4B02-8247-49DFE9D92B69}.AppStore|iPhoneSimulator.Build.0 = Debug|Any CPU
		{477F7224-2E61-4B02-8247-49DFE9D92B69}.AppStore|x64.ActiveCfg = Debug|Any CPU
		{477F7224-2E61-4B02-8247-49DFE9D92B69}.AppStore|x64.Build.0 = Debug|Any CPU
		{477F7224-2E61-4B02-8247-49DFE9D92B69}.AppStore|x86.ActiveCfg = Debug|Any CPU
		{477F7224-2E61-4B02-8247-49DFE9D92B69}.AppStore|x86.Build.0 = Debug|Any CPU
		{477F7224-2E61-4B02-8247-49DFE9D92B69}.Debug|Any CPU.ActiveCfg = Debug|Any CPU
		{477F7224-2E61-4B02-8247-49DFE9D92B69}.Debug|Any CPU.Build.0 = Debug|Any CPU
		{477F7224-2E61-4B02-8247-49DFE9D92B69}.Debug|ARM.ActiveCfg = Debug|Any CPU
		{477F7224-2E61-4B02-8247-49DFE9D92B69}.Debug|ARM.Build.0 = Debug|Any CPU
		{477F7224-2E61-4B02-8247-49DFE9D92B69}.Debug|ARM64.ActiveCfg = Debug|Any CPU
		{477F7224-2E61-4B02-8247-49DFE9D92B69}.Debug|ARM64.Build.0 = Debug|Any CPU
		{477F7224-2E61-4B02-8247-49DFE9D92B69}.Debug|iPhone.ActiveCfg = Debug|Any CPU
		{477F7224-2E61-4B02-8247-49DFE9D92B69}.Debug|iPhone.Build.0 = Debug|Any CPU
		{477F7224-2E61-4B02-8247-49DFE9D92B69}.Debug|iPhoneSimulator.ActiveCfg = Debug|Any CPU
		{477F7224-2E61-4B02-8247-49DFE9D92B69}.Debug|iPhoneSimulator.Build.0 = Debug|Any CPU
		{477F7224-2E61-4B02-8247-49DFE9D92B69}.Debug|x64.ActiveCfg = Debug|Any CPU
		{477F7224-2E61-4B02-8247-49DFE9D92B69}.Debug|x64.Build.0 = Debug|Any CPU
		{477F7224-2E61-4B02-8247-49DFE9D92B69}.Debug|x86.ActiveCfg = Debug|Any CPU
		{477F7224-2E61-4B02-8247-49DFE9D92B69}.Debug|x86.Build.0 = Debug|Any CPU
		{477F7224-2E61-4B02-8247-49DFE9D92B69}.Release|Any CPU.ActiveCfg = Release|Any CPU
		{477F7224-2E61-4B02-8247-49DFE9D92B69}.Release|Any CPU.Build.0 = Release|Any CPU
		{477F7224-2E61-4B02-8247-49DFE9D92B69}.Release|ARM.ActiveCfg = Release|Any CPU
		{477F7224-2E61-4B02-8247-49DFE9D92B69}.Release|ARM.Build.0 = Release|Any CPU
		{477F7224-2E61-4B02-8247-49DFE9D92B69}.Release|ARM64.ActiveCfg = Release|Any CPU
		{477F7224-2E61-4B02-8247-49DFE9D92B69}.Release|ARM64.Build.0 = Release|Any CPU
		{477F7224-2E61-4B02-8247-49DFE9D92B69}.Release|iPhone.ActiveCfg = Release|Any CPU
		{477F7224-2E61-4B02-8247-49DFE9D92B69}.Release|iPhone.Build.0 = Release|Any CPU
		{477F7224-2E61-4B02-8247-49DFE9D92B69}.Release|iPhoneSimulator.ActiveCfg = Release|Any CPU
		{477F7224-2E61-4B02-8247-49DFE9D92B69}.Release|iPhoneSimulator.Build.0 = Release|Any CPU
		{477F7224-2E61-4B02-8247-49DFE9D92B69}.Release|x64.ActiveCfg = Release|Any CPU
		{477F7224-2E61-4B02-8247-49DFE9D92B69}.Release|x64.Build.0 = Release|Any CPU
		{477F7224-2E61-4B02-8247-49DFE9D92B69}.Release|x86.ActiveCfg = Release|Any CPU
		{477F7224-2E61-4B02-8247-49DFE9D92B69}.Release|x86.Build.0 = Release|Any CPU
	EndGlobalSection
	GlobalSection(SolutionProperties) = preSolution
		HideSolutionNode = FALSE
	EndGlobalSection
	GlobalSection(NestedProjects) = preSolution
		{02FC1821-7657-43D0-A795-9140C7FABFF9} = {1535C62E-DA5F-4B39-981D-777F71F47A9E}
		{38F87E1F-008A-40BC-80B1-0F9E6DEB7B09} = {1535C62E-DA5F-4B39-981D-777F71F47A9E}
		{5164598E-CCCA-4579-B48B-984C9267FEFF} = {DED170DA-F9CB-4398-8E8C-4A29DADA3FCD}
		{5EAB1EF4-0C78-4268-BA6B-43FB11808E2D} = {1535C62E-DA5F-4B39-981D-777F71F47A9E}
		{76EB105A-FF77-47FF-A42E-569EFB425B33} = {FF041BC6-E770-4094-A457-46405DF82E10}
		{550DF24A-6657-4287-9CF2-B786DD205442} = {FF041BC6-E770-4094-A457-46405DF82E10}
		{DF800922-B2EF-4576-B029-B5CC06A26F3B} = {FF041BC6-E770-4094-A457-46405DF82E10}
		{FF041BC6-E770-4094-A457-46405DF82E10} = {5EAB1EF4-0C78-4268-BA6B-43FB11808E2D}
		{8302926E-117F-486A-951E-63FF5633815D} = {0B44A7E6-520C-4827-93DF-139527B17EE2}
		{D711269B-D3E8-4CD7-B443-D4409D2B8750} = {DED170DA-F9CB-4398-8E8C-4A29DADA3FCD}
		{477F7224-2E61-4B02-8247-49DFE9D92B69} = {0B44A7E6-520C-4827-93DF-139527B17EE2}
	EndGlobalSection
	GlobalSection(ExtensibilityGlobals) = postSolution
		SolutionGuid = {382354EA-333B-4F03-A85B-28B742006AAF}
	EndGlobalSection
EndGlobal
